Microsoft Visual Studio Solution File, Format Version 12.00
# Visual Studio Version 17
VisualStudioVersion = 17.5.2.0
MinimumVisualStudioVersion = 10.0.40219.1
Project("{FAE04EC0-301F-11D3-BF4B-00C04F79EFBC}") = "star1", "star1.csproj", "{1EBF17A2-4E6A-F6BD-B3EA-BCBC38BE7388}"
EndProject
Global
	GlobalSection(SolutionConfigurationPlatforms) = preSolution
		Debug|Any CPU = Debug|Any CPU
		Release|Any CPU = Release|Any CPU
	EndGlobalSection
	GlobalSection(ProjectConfigurationPlatforms) = postSolution
		{1EBF17A2-4E6A-F6BD-B3EA-BCBC38BE7388}.Debug|Any CPU.ActiveCfg = Debug|Any CPU
		{1EBF17A2-4E6A-F6BD-B3EA-BCBC38BE7388}.Debug|Any CPU.Build.0 = Debug|Any CPU
		{1EBF17A2-4E6A-F6BD-B3EA-BCBC38BE7388}.Release|Any CPU.ActiveCfg = Release|Any CPU
		{1EBF17A2-4E6A-F6BD-B3EA-BCBC38BE7388}.Release|Any CPU.Build.0 = Release|Any CPU
	EndGlobalSection
	GlobalSection(SolutionProperties) = preSolution
		HideSolutionNode = FALSE
	EndGlobalSection
	GlobalSection(ExtensibilityGlobals) = postSolution
		SolutionGuid = {03C8AC82-DCCC-44C5-9DB5-24F0823AE37A}
	EndGlobalSection
EndGlobal
