Microsoft Visual Studio Solution File, Format Version 12.00
# Visual Studio Version 17
VisualStudioVersion = 17.5.2.0
MinimumVisualStudioVersion = 10.0.40219.1
Project("{FAE04EC0-301F-11D3-BF4B-00C04F79EFBC}") = "zarb1", "zarb1.csproj", "{DA4A955F-924D-4074-0E07-ADD2E3B053A0}"
EndProject
Global
	GlobalSection(SolutionConfigurationPlatforms) = preSolution
		Debug|Any CPU = Debug|Any CPU
		Release|Any CPU = Release|Any CPU
	EndGlobalSection
	GlobalSection(ProjectConfigurationPlatforms) = postSolution
		{DA4A955F-924D-4074-0E07-ADD2E3B053A0}.Debug|Any CPU.ActiveCfg = Debug|Any CPU
		{DA4A955F-924D-4074-0E07-ADD2E3B053A0}.Debug|Any CPU.Build.0 = Debug|Any CPU
		{DA4A955F-924D-4074-0E07-ADD2E3B053A0}.Release|Any CPU.ActiveCfg = Release|Any CPU
		{DA4A955F-924D-4074-0E07-ADD2E3B053A0}.Release|Any CPU.Build.0 = Release|Any CPU
	EndGlobalSection
	GlobalSection(SolutionProperties) = preSolution
		HideSolutionNode = FALSE
	EndGlobalSection
	GlobalSection(ExtensibilityGlobals) = postSolution
		SolutionGuid = {B93FCA5C-7508-4D07-8945-49773176B32C}
	EndGlobalSection
EndGlobal
